
Microsoft Visual Studio Solution File, Format Version 12.00
# Visual Studio Version 17
VisualStudioVersion = 17.0.31903.59
MinimumVisualStudioVersion = 10.0.40219.1
Project("{FAE04EC0-301F-11D3-BF4B-00C04F79EFBC}") = "authenticationServiceAPI", "authenticationServiceAPI\authenticationServiceAPI.csproj", "{843339BC-7400-481A-ADF5-706D1C910923}"
EndProject
Project("{FAE04EC0-301F-11D3-BF4B-00C04F79EFBC}") = "authenticationServiceAPI.Test", "authenticationServiceAPI.Test\authenticationServiceAPI.Test.csproj", "{8F96B14A-943A-439A-B7DC-F4FAC4540D04}"
EndProject
Global
	GlobalSection(SolutionConfigurationPlatforms) = preSolution
		Debug|Any CPU = Debug|Any CPU
		Release|Any CPU = Release|Any CPU
	EndGlobalSection
	GlobalSection(SolutionProperties) = preSolution
		HideSolutionNode = FALSE
	EndGlobalSection
	GlobalSection(ProjectConfigurationPlatforms) = postSolution
		{843339BC-7400-481A-ADF5-706D1C910923}.Debug|Any CPU.ActiveCfg = Debug|Any CPU
		{843339BC-7400-481A-ADF5-706D1C910923}.Debug|Any CPU.Build.0 = Debug|Any CPU
		{843339BC-7400-481A-ADF5-706D1C910923}.Release|Any CPU.ActiveCfg = Release|Any CPU
		{843339BC-7400-481A-ADF5-706D1C910923}.Release|Any CPU.Build.0 = Release|Any CPU
		{8F96B14A-943A-439A-B7DC-F4FAC4540D04}.Debug|Any CPU.ActiveCfg = Debug|Any CPU
		{8F96B14A-943A-439A-B7DC-F4FAC4540D04}.Debug|Any CPU.Build.0 = Debug|Any CPU
		{8F96B14A-943A-439A-B7DC-F4FAC4540D04}.Release|Any CPU.ActiveCfg = Release|Any CPU
		{8F96B14A-943A-439A-B7DC-F4FAC4540D04}.Release|Any CPU.Build.0 = Release|Any CPU
	EndGlobalSection
EndGlobal
